
Microsoft Visual Studio Solution File, Format Version 12.00
# Visual Studio 15
VisualStudioVersion = 15.0.27428.2005
MinimumVisualStudioVersion = 10.0.40219.1
Project("{888888A0-9F3D-457C-B088-3A5042F75D52}") = "QuotaSimulator", "QuotaSimulator\QuotaSimulator.pyproj", "{A5D5E750-E4EF-4B57-9826-FAA77D79B443}"
EndProject
Global
	GlobalSection(SolutionConfigurationPlatforms) = preSolution
		Debug|Any CPU = Debug|Any CPU
		Release|Any CPU = Release|Any CPU
	EndGlobalSection
	GlobalSection(ProjectConfigurationPlatforms) = postSolution
		{A5D5E750-E4EF-4B57-9826-FAA77D79B443}.Debug|Any CPU.ActiveCfg = Debug|Any CPU
		{A5D5E750-E4EF-4B57-9826-FAA77D79B443}.Release|Any CPU.ActiveCfg = Release|Any CPU
	EndGlobalSection
	GlobalSection(SolutionProperties) = preSolution
		HideSolutionNode = FALSE
	EndGlobalSection
	GlobalSection(ExtensibilityGlobals) = postSolution
		SolutionGuid = {029120FD-4DE4-4E50-AFCD-2D15EE51E63E}
	EndGlobalSection
EndGlobal
